// !$*UTF8*$!
{
	archiveVersion = 1;
	classes = {
	};
	objectVersion = 46;
	objects = {

/* Begin PBXBuildFile section */
		251AD5A2CE6AB6D86ECDB8E3 /* Pods.framework in Frameworks */ = {isa = PBXBuildFile; fileRef = E06ED9675446CE89DC51A5CF /* Pods.framework */; };
		810E9D251D66106B0064E6A7 /* STBaseController.swift in Sources */ = {isa = PBXBuildFile; fileRef = 810E9D241D66106B0064E6A7 /* STBaseController.swift */; };
		81B5D5081D68DA61006D5834 /* StringHandle.swift in Sources */ = {isa = PBXBuildFile; fileRef = 81B5D5071D68DA61006D5834 /* StringHandle.swift */; };
		81DAB29D1D770F1900A10E8C /* CalculateResult.swift in Sources */ = {isa = PBXBuildFile; fileRef = 81DAB29C1D770F1900A10E8C /* CalculateResult.swift */; };
		81DAB29F1D77152700A10E8C /* AVFoundation.framework in Frameworks */ = {isa = PBXBuildFile; fileRef = 81DAB29E1D77152700A10E8C /* AVFoundation.framework */; };
		81E67E2E1D749C3E0003D065 /* STCalculateController.swift in Sources */ = {isa = PBXBuildFile; fileRef = 81E67E2B1D749C3E0003D065 /* STCalculateController.swift */; };
		81E67E301D749C8C0003D065 /* MyCalculateView.swift in Sources */ = {isa = PBXBuildFile; fileRef = 81E67E2F1D749C8C0003D065 /* MyCalculateView.swift */; };
		81E88C6D1D709C350022A71C /* LinearFitController.swift in Sources */ = {isa = PBXBuildFile; fileRef = 81E88C6C1D709C350022A71C /* LinearFitController.swift */; };
		81E88C721D709FBC0022A71C /* CalculatorViewController.m in Sources */ = {isa = PBXBuildFile; fileRef = 81E88C701D709FBC0022A71C /* CalculatorViewController.m */; };
		81E88C731D709FBC0022A71C /* CalculatorViewController.xib in Resources */ = {isa = PBXBuildFile; fileRef = 81E88C711D709FBC0022A71C /* CalculatorViewController.xib */; };
		81E88C751D70A0420022A71C /* icon.png in Resources */ = {isa = PBXBuildFile; fileRef = 81E88C741D70A0420022A71C /* icon.png */; };
		81E88C771D70A0650022A71C /* Foundation.framework in Frameworks */ = {isa = PBXBuildFile; fileRef = 81E88C761D70A0650022A71C /* Foundation.framework */; };
		81E88C791D70A06D0022A71C /* CoreGraphics.framework in Frameworks */ = {isa = PBXBuildFile; fileRef = 81E88C781D70A06D0022A71C /* CoreGraphics.framework */; };
		F862C8AB1D751B060032D2B9 /* CalculateLayout.swift in Sources */ = {isa = PBXBuildFile; fileRef = F862C8AA1D751B060032D2B9 /* CalculateLayout.swift */; };
		F87B8B321D5C124D00F5A8E7 /* STNavigationController.swift in Sources */ = {isa = PBXBuildFile; fileRef = F87B8B311D5C124D00F5A8E7 /* STNavigationController.swift */; };
		F87B8B351D5C223B00F5A8E7 /* STMacro.swift in Sources */ = {isa = PBXBuildFile; fileRef = F87B8B341D5C223B00F5A8E7 /* STMacro.swift */; };
		F87B8B381D5C454000F5A8E7 /* HomeTabbarController.swift in Sources */ = {isa = PBXBuildFile; fileRef = F87B8B371D5C454000F5A8E7 /* HomeTabbarController.swift */; };
		F87B8B3B1D5C45EA00F5A8E7 /* MathController.swift in Sources */ = {isa = PBXBuildFile; fileRef = F87B8B3A1D5C45EA00F5A8E7 /* MathController.swift */; };
		F88106241D596E31008A0EA3 /* AppDelegate.swift in Sources */ = {isa = PBXBuildFile; fileRef = F88106231D596E31008A0EA3 /* AppDelegate.swift */; };
		F88106291D596E31008A0EA3 /* Main.storyboard in Resources */ = {isa = PBXBuildFile; fileRef = F88106271D596E31008A0EA3 /* Main.storyboard */; };
		F881062C1D596E31008A0EA3 /* StarDeProject.xcdatamodeld in Sources */ = {isa = PBXBuildFile; fileRef = F881062A1D596E31008A0EA3 /* StarDeProject.xcdatamodeld */; };
		F881062E1D596E31008A0EA3 /* Assets.xcassets in Resources */ = {isa = PBXBuildFile; fileRef = F881062D1D596E31008A0EA3 /* Assets.xcassets */; };
		F88106311D596E31008A0EA3 /* LaunchScreen.storyboard in Resources */ = {isa = PBXBuildFile; fileRef = F881062F1D596E31008A0EA3 /* LaunchScreen.storyboard */; };
		F88106471D596E31008A0EA3 /* StarDeProjectUITests.swift in Sources */ = {isa = PBXBuildFile; fileRef = F88106461D596E31008A0EA3 /* StarDeProjectUITests.swift */; };
		F881065A1D59B79D008A0EA3 /* HomeViewController.swift in Sources */ = {isa = PBXBuildFile; fileRef = F88106591D59B79D008A0EA3 /* HomeViewController.swift */; };
		F8ADC10D1D6D7056003B5D42 /* WebController.swift in Sources */ = {isa = PBXBuildFile; fileRef = F8ADC10C1D6D7056003B5D42 /* WebController.swift */; };
		F8B42F3A1D76C62000FB9415 /* STMathKit.framework in Frameworks */ = {isa = PBXBuildFile; fileRef = F8B42F391D76C62000FB9415 /* STMathKit.framework */; };
		F8B42F401D76CB9800FB9415 /* STMathKit.framework in Frameworks */ = {isa = PBXBuildFile; fileRef = F8B42F3F1D76CB9800FB9415 /* STMathKit.framework */; };
		F8B42F411D76CBB200FB9415 /* STMathKit.framework in Frameworks */ = {isa = PBXBuildFile; fileRef = F8B42F3F1D76CB9800FB9415 /* STMathKit.framework */; };
		F8B42F421D76CBB200FB9415 /* STMathKit.framework in Embed Frameworks */ = {isa = PBXBuildFile; fileRef = F8B42F3F1D76CB9800FB9415 /* STMathKit.framework */; settings = {ATTRIBUTES = (CodeSignOnCopy, RemoveHeadersOnCopy, ); }; };
		F8B42F451D76CF9300FB9415 /* CalculateTool.swift in Sources */ = {isa = PBXBuildFile; fileRef = F8B42F441D76CF9300FB9415 /* CalculateTool.swift */; };
		F8B439081D7FBDF8008B5518 /* StarTest.swift in Sources */ = {isa = PBXBuildFile; fileRef = F8B439071D7FBDF8008B5518 /* StarTest.swift */; };
		F8B4390A1D7FBF8D008B5518 /* StarDeProjectTests.swift in Sources */ = {isa = PBXBuildFile; fileRef = F8B439091D7FBF8D008B5518 /* StarDeProjectTests.swift */; };
		F8CCB2371D6F569500B7D7D3 /* STMathKit.framework in Frameworks */ = {isa = PBXBuildFile; fileRef = F8CCB2361D6F569500B7D7D3 /* STMathKit.framework */; };
		F8D7930E1D6AD80E006D2209 /* ExtensionController.swift in Sources */ = {isa = PBXBuildFile; fileRef = F8D7930D1D6AD80E006D2209 /* ExtensionController.swift */; };
/* End PBXBuildFile section */

/* Begin PBXContainerItemProxy section */
		F88106381D596E31008A0EA3 /* PBXContainerItemProxy */ = {
			isa = PBXContainerItemProxy;
			containerPortal = F88106181D596E31008A0EA3 /* Project object */;
			proxyType = 1;
			remoteGlobalIDString = F881061F1D596E31008A0EA3;
			remoteInfo = StarDeProject;
		};
		F88106431D596E31008A0EA3 /* PBXContainerItemProxy */ = {
			isa = PBXContainerItemProxy;
			containerPortal = F88106181D596E31008A0EA3 /* Project object */;
			proxyType = 1;
			remoteGlobalIDString = F881061F1D596E31008A0EA3;
			remoteInfo = StarDeProject;
		};
/* End PBXContainerItemProxy section */

/* Begin PBXCopyFilesBuildPhase section */
		F8CCB22A1D6F496D00B7D7D3 /* Embed Frameworks */ = {
			isa = PBXCopyFilesBuildPhase;
			buildActionMask = 2147483647;
			dstPath = "";
			dstSubfolderSpec = 10;
			files = (
				F8B42F421D76CBB200FB9415 /* STMathKit.framework in Embed Frameworks */,
			);
			name = "Embed Frameworks";
			runOnlyForDeploymentPostprocessing = 0;
		};
/* End PBXCopyFilesBuildPhase section */

/* Begin PBXFileReference section */
		31358786458889026D365BF1 /* Pods.debug.xcconfig */ = {isa = PBXFileReference; includeInIndex = 1; lastKnownFileType = text.xcconfig; name = Pods.debug.xcconfig; path = "Pods/Target Support Files/Pods/Pods.debug.xcconfig"; sourceTree = "<group>"; };
		810E9D241D66106B0064E6A7 /* STBaseController.swift */ = {isa = PBXFileReference; fileEncoding = 4; lastKnownFileType = sourcecode.swift; path = STBaseController.swift; sourceTree = "<group>"; };
		81B5D5071D68DA61006D5834 /* StringHandle.swift */ = {isa = PBXFileReference; fileEncoding = 4; lastKnownFileType = sourcecode.swift; path = StringHandle.swift; sourceTree = "<group>"; };
		81DAB29C1D770F1900A10E8C /* CalculateResult.swift */ = {isa = PBXFileReference; fileEncoding = 4; lastKnownFileType = sourcecode.swift; path = CalculateResult.swift; sourceTree = "<group>"; };
		81DAB29E1D77152700A10E8C /* AVFoundation.framework */ = {isa = PBXFileReference; lastKnownFileType = wrapper.framework; name = AVFoundation.framework; path = System/Library/Frameworks/AVFoundation.framework; sourceTree = SDKROOT; };
		81E67E2B1D749C3E0003D065 /* STCalculateController.swift */ = {isa = PBXFileReference; fileEncoding = 4; lastKnownFileType = sourcecode.swift; path = STCalculateController.swift; sourceTree = "<group>"; };
		81E67E2F1D749C8C0003D065 /* MyCalculateView.swift */ = {isa = PBXFileReference; fileEncoding = 4; lastKnownFileType = sourcecode.swift; path = MyCalculateView.swift; sourceTree = "<group>"; };
		81E88C6C1D709C350022A71C /* LinearFitController.swift */ = {isa = PBXFileReference; fileEncoding = 4; lastKnownFileType = sourcecode.swift; path = LinearFitController.swift; sourceTree = "<group>"; };
		81E88C6E1D709FBC0022A71C /* StarDeProject-Bridging-Header.h */ = {isa = PBXFileReference; lastKnownFileType = sourcecode.c.h; path = "StarDeProject-Bridging-Header.h"; sourceTree = "<group>"; };
		81E88C6F1D709FBC0022A71C /* CalculatorViewController.h */ = {isa = PBXFileReference; fileEncoding = 4; lastKnownFileType = sourcecode.c.h; path = CalculatorViewController.h; sourceTree = "<group>"; };
		81E88C701D709FBC0022A71C /* CalculatorViewController.m */ = {isa = PBXFileReference; fileEncoding = 4; lastKnownFileType = sourcecode.c.objc; path = CalculatorViewController.m; sourceTree = "<group>"; };
		81E88C711D709FBC0022A71C /* CalculatorViewController.xib */ = {isa = PBXFileReference; fileEncoding = 4; lastKnownFileType = file.xib; path = CalculatorViewController.xib; sourceTree = "<group>"; };
		81E88C741D70A0420022A71C /* icon.png */ = {isa = PBXFileReference; lastKnownFileType = image.png; path = icon.png; sourceTree = "<group>"; };
		81E88C761D70A0650022A71C /* Foundation.framework */ = {isa = PBXFileReference; lastKnownFileType = wrapper.framework; name = Foundation.framework; path = System/Library/Frameworks/Foundation.framework; sourceTree = SDKROOT; };
		81E88C781D70A06D0022A71C /* CoreGraphics.framework */ = {isa = PBXFileReference; lastKnownFileType = wrapper.framework; name = CoreGraphics.framework; path = System/Library/Frameworks/CoreGraphics.framework; sourceTree = SDKROOT; };
		98FF82BBACFD6E770CF90419 /* Pods.release.xcconfig */ = {isa = PBXFileReference; includeInIndex = 1; lastKnownFileType = text.xcconfig; name = Pods.release.xcconfig; path = "Pods/Target Support Files/Pods/Pods.release.xcconfig"; sourceTree = "<group>"; };
		E06ED9675446CE89DC51A5CF /* Pods.framework */ = {isa = PBXFileReference; explicitFileType = wrapper.framework; includeInIndex = 0; path = Pods.framework; sourceTree = BUILT_PRODUCTS_DIR; };
		F862C8AA1D751B060032D2B9 /* CalculateLayout.swift */ = {isa = PBXFileReference; fileEncoding = 4; lastKnownFileType = sourcecode.swift; path = CalculateLayout.swift; sourceTree = "<group>"; };
		F87B8B311D5C124D00F5A8E7 /* STNavigationController.swift */ = {isa = PBXFileReference; fileEncoding = 4; lastKnownFileType = sourcecode.swift; path = STNavigationController.swift; sourceTree = "<group>"; };
		F87B8B341D5C223B00F5A8E7 /* STMacro.swift */ = {isa = PBXFileReference; fileEncoding = 4; lastKnownFileType = sourcecode.swift; path = STMacro.swift; sourceTree = "<group>"; };
		F87B8B371D5C454000F5A8E7 /* HomeTabbarController.swift */ = {isa = PBXFileReference; fileEncoding = 4; lastKnownFileType = sourcecode.swift; path = HomeTabbarController.swift; sourceTree = "<group>"; };
		F87B8B3A1D5C45EA00F5A8E7 /* MathController.swift */ = {isa = PBXFileReference; fileEncoding = 4; lastKnownFileType = sourcecode.swift; path = MathController.swift; sourceTree = "<group>"; };
		F88106201D596E31008A0EA3 /* 水田夏木.app */ = {isa = PBXFileReference; explicitFileType = wrapper.application; includeInIndex = 0; path = "水田夏木.app"; sourceTree = BUILT_PRODUCTS_DIR; };
		F88106231D596E31008A0EA3 /* AppDelegate.swift */ = {isa = PBXFileReference; lastKnownFileType = sourcecode.swift; name = AppDelegate.swift; path = ../AppDelegate.swift; sourceTree = "<group>"; };
		F88106281D596E31008A0EA3 /* Base */ = {isa = PBXFileReference; lastKnownFileType = file.storyboard; name = Base; path = Base.lproj/Main.storyboard; sourceTree = "<group>"; };
		F881062B1D596E31008A0EA3 /* StarDeProject.xcdatamodel */ = {isa = PBXFileReference; lastKnownFileType = wrapper.xcdatamodel; path = StarDeProject.xcdatamodel; sourceTree = "<group>"; };
		F881062D1D596E31008A0EA3 /* Assets.xcassets */ = {isa = PBXFileReference; lastKnownFileType = folder.assetcatalog; name = Assets.xcassets; path = ../Assets.xcassets; sourceTree = "<group>"; };
		F88106301D596E31008A0EA3 /* Base */ = {isa = PBXFileReference; lastKnownFileType = file.storyboard; name = Base; path = Base.lproj/LaunchScreen.storyboard; sourceTree = "<group>"; };
		F88106321D596E31008A0EA3 /* Info.plist */ = {isa = PBXFileReference; lastKnownFileType = text.plist.xml; name = Info.plist; path = ../Info.plist; sourceTree = "<group>"; };
		F88106371D596E31008A0EA3 /* StarDeProjectTests.xctest */ = {isa = PBXFileReference; explicitFileType = wrapper.cfbundle; includeInIndex = 0; path = StarDeProjectTests.xctest; sourceTree = BUILT_PRODUCTS_DIR; };
		F881063D1D596E31008A0EA3 /* Info.plist */ = {isa = PBXFileReference; lastKnownFileType = text.plist.xml; path = Info.plist; sourceTree = "<group>"; };
		F88106421D596E31008A0EA3 /* StarDeProjectUITests.xctest */ = {isa = PBXFileReference; explicitFileType = wrapper.cfbundle; includeInIndex = 0; path = StarDeProjectUITests.xctest; sourceTree = BUILT_PRODUCTS_DIR; };
		F88106461D596E31008A0EA3 /* StarDeProjectUITests.swift */ = {isa = PBXFileReference; lastKnownFileType = sourcecode.swift; path = StarDeProjectUITests.swift; sourceTree = "<group>"; };
		F88106481D596E31008A0EA3 /* Info.plist */ = {isa = PBXFileReference; lastKnownFileType = text.plist.xml; path = Info.plist; sourceTree = "<group>"; };
		F88106591D59B79D008A0EA3 /* HomeViewController.swift */ = {isa = PBXFileReference; fileEncoding = 4; lastKnownFileType = sourcecode.swift; path = HomeViewController.swift; sourceTree = "<group>"; };
		F8ADC10C1D6D7056003B5D42 /* WebController.swift */ = {isa = PBXFileReference; fileEncoding = 4; lastKnownFileType = sourcecode.swift; path = WebController.swift; sourceTree = "<group>"; };
		F8B42F391D76C62000FB9415 /* STMathKit.framework */ = {isa = PBXFileReference; lastKnownFileType = wrapper.framework; name = STMathKit.framework; path = /Users/star/Desktop/StarDeProject/StarDeProject/ThirdPartys/STMathKit.framework; sourceTree = "<absolute>"; };
		F8B42F3F1D76CB9800FB9415 /* STMathKit.framework */ = {isa = PBXFileReference; lastKnownFileType = wrapper.framework; path = STMathKit.framework; sourceTree = "<group>"; };
		F8B42F441D76CF9300FB9415 /* CalculateTool.swift */ = {isa = PBXFileReference; fileEncoding = 4; lastKnownFileType = sourcecode.swift; path = CalculateTool.swift; sourceTree = "<group>"; };
		F8B439071D7FBDF8008B5518 /* StarTest.swift */ = {isa = PBXFileReference; fileEncoding = 4; lastKnownFileType = sourcecode.swift; path = StarTest.swift; sourceTree = "<group>"; };
		F8B439091D7FBF8D008B5518 /* StarDeProjectTests.swift */ = {isa = PBXFileReference; fileEncoding = 4; lastKnownFileType = sourcecode.swift; path = StarDeProjectTests.swift; sourceTree = "<group>"; };
		F8CCB2361D6F569500B7D7D3 /* STMathKit.framework */ = {isa = PBXFileReference; lastKnownFileType = wrapper.framework; name = STMathKit.framework; path = /Users/star/Desktop/StarDeProject/StarDeProject/ThirdPartys/STMathKit.framework; sourceTree = "<absolute>"; };
		F8D7930D1D6AD80E006D2209 /* ExtensionController.swift */ = {isa = PBXFileReference; fileEncoding = 4; lastKnownFileType = sourcecode.swift; path = ExtensionController.swift; sourceTree = "<group>"; };
/* End PBXFileReference section */

/* Begin PBXFrameworksBuildPhase section */
		F881061D1D596E31008A0EA3 /* Frameworks */ = {
			isa = PBXFrameworksBuildPhase;
			buildActionMask = 2147483647;
			files = (
				81DAB29F1D77152700A10E8C /* AVFoundation.framework in Frameworks */,
				81E88C791D70A06D0022A71C /* CoreGraphics.framework in Frameworks */,
				F8B42F3A1D76C62000FB9415 /* STMathKit.framework in Frameworks */,
				81E88C771D70A0650022A71C /* Foundation.framework in Frameworks */,
				F8CCB2371D6F569500B7D7D3 /* STMathKit.framework in Frameworks */,
				F8B42F411D76CBB200FB9415 /* STMathKit.framework in Frameworks */,
				F8B42F401D76CB9800FB9415 /* STMathKit.framework in Frameworks */,
				251AD5A2CE6AB6D86ECDB8E3 /* Pods.framework in Frameworks */,
			);
			runOnlyForDeploymentPostprocessing = 0;
		};
		F88106341D596E31008A0EA3 /* Frameworks */ = {
			isa = PBXFrameworksBuildPhase;
			buildActionMask = 2147483647;
			files = (
			);
			runOnlyForDeploymentPostprocessing = 0;
		};
		F881063F1D596E31008A0EA3 /* Frameworks */ = {
			isa = PBXFrameworksBuildPhase;
			buildActionMask = 2147483647;
			files = (
			);
			runOnlyForDeploymentPostprocessing = 0;
		};
/* End PBXFrameworksBuildPhase section */

/* Begin PBXGroup section */
		81B5D5061D68DA49006D5834 /* StringHandle */ = {
			isa = PBXGroup;
			children = (
				81B5D5071D68DA61006D5834 /* StringHandle.swift */,
			);
			path = StringHandle;
			sourceTree = "<group>";
		};
		81E67E2A1D749C3E0003D065 /* Controller */ = {
			isa = PBXGroup;
			children = (
				81E67E2B1D749C3E0003D065 /* STCalculateController.swift */,
			);
			path = Controller;
			sourceTree = "<group>";
		};
		81E67E2C1D749C3E0003D065 /* Model */ = {
			isa = PBXGroup;
			children = (
			);
			path = Model;
			sourceTree = "<group>";
		};
		81E67E2D1D749C3E0003D065 /* View */ = {
			isa = PBXGroup;
			children = (
				81E67E2F1D749C8C0003D065 /* MyCalculateView.swift */,
				F862C8AA1D751B060032D2B9 /* CalculateLayout.swift */,
			);
			path = View;
			sourceTree = "<group>";
		};
		81E88C6A1D709BEC0022A71C /* Calculator */ = {
			isa = PBXGroup;
			children = (
				81E88C6F1D709FBC0022A71C /* CalculatorViewController.h */,
				81E88C701D709FBC0022A71C /* CalculatorViewController.m */,
				81E88C711D709FBC0022A71C /* CalculatorViewController.xib */,
				81E88C6E1D709FBC0022A71C /* StarDeProject-Bridging-Header.h */,
			);
			path = Calculator;
			sourceTree = "<group>";
		};
		81E88C6B1D709BEC0022A71C /* LinearFit */ = {
			isa = PBXGroup;
			children = (
				81E88C6C1D709C350022A71C /* LinearFitController.swift */,
			);
			path = LinearFit;
			sourceTree = "<group>";
		};
		88301A2384EC0D0319459DB8 /* Frameworks */ = {
			isa = PBXGroup;
			children = (
				81DAB29E1D77152700A10E8C /* AVFoundation.framework */,
				81E88C781D70A06D0022A71C /* CoreGraphics.framework */,
				81E88C761D70A0650022A71C /* Foundation.framework */,
				E06ED9675446CE89DC51A5CF /* Pods.framework */,
			);
			name = Frameworks;
			sourceTree = "<group>";
		};
		BD7D2435DF7809857523E4DC /* Pods */ = {
			isa = PBXGroup;
			children = (
				31358786458889026D365BF1 /* Pods.debug.xcconfig */,
				98FF82BBACFD6E770CF90419 /* Pods.release.xcconfig */,
			);
			name = Pods;
			sourceTree = "<group>";
		};
		F844ADDC1D73C52400C888B6 /* MyCalculator */ = {
			isa = PBXGroup;
			children = (
				81E67E2A1D749C3E0003D065 /* Controller */,
				81E67E2C1D749C3E0003D065 /* Model */,
				81E67E2D1D749C3E0003D065 /* View */,
			);
			path = MyCalculator;
			sourceTree = "<group>";
		};
		F87B8B301D5C11E900F5A8E7 /* Controller */ = {
			isa = PBXGroup;
			children = (
				F87B8B311D5C124D00F5A8E7 /* STNavigationController.swift */,
				810E9D241D66106B0064E6A7 /* STBaseController.swift */,
			);
			path = Controller;
			sourceTree = "<group>";
		};
		F87B8B331D5C14BF00F5A8E7 /* Macro */ = {
			isa = PBXGroup;
			children = (
				F87B8B341D5C223B00F5A8E7 /* STMacro.swift */,
			);
			path = Macro;
			sourceTree = "<group>";
		};
		F87B8B391D5C459500F5A8E7 /* MathVC */ = {
			isa = PBXGroup;
			children = (
				F87B8B3A1D5C45EA00F5A8E7 /* MathController.swift */,
				F844ADDC1D73C52400C888B6 /* MyCalculator */,
				81E88C6A1D709BEC0022A71C /* Calculator */,
				81E88C6B1D709BEC0022A71C /* LinearFit */,
			);
			path = MathVC;
			sourceTree = "<group>";
		};
		F88106171D596E31008A0EA3 = {
			isa = PBXGroup;
			children = (
				F88106221D596E31008A0EA3 /* StarDeProject */,
				F881063A1D596E31008A0EA3 /* StarDeProjectTests */,
				F88106451D596E31008A0EA3 /* StarDeProjectUITests */,
				F88106211D596E31008A0EA3 /* Products */,
				BD7D2435DF7809857523E4DC /* Pods */,
				88301A2384EC0D0319459DB8 /* Frameworks */,
			);
			sourceTree = "<group>";
		};
		F88106211D596E31008A0EA3 /* Products */ = {
			isa = PBXGroup;
			children = (
				F88106201D596E31008A0EA3 /* 水田夏木.app */,
				F88106371D596E31008A0EA3 /* StarDeProjectTests.xctest */,
				F88106421D596E31008A0EA3 /* StarDeProjectUITests.xctest */,
			);
			name = Products;
			sourceTree = "<group>";
		};
		F88106221D596E31008A0EA3 /* StarDeProject */ = {
			isa = PBXGroup;
			children = (
				F88106541D59B5DB008A0EA3 /* HelpTools */,
				F88106551D59B5DB008A0EA3 /* Resource */,
				F88106561D59B5DB008A0EA3 /* ThirdPartys */,
				F88106571D59B5DB008A0EA3 /* ViewControllers */,
			);
			path = StarDeProject;
			sourceTree = "<group>";
		};
		F881063A1D596E31008A0EA3 /* StarDeProjectTests */ = {
			isa = PBXGroup;
			children = (
				F8B439091D7FBF8D008B5518 /* StarDeProjectTests.swift */,
				F881063D1D596E31008A0EA3 /* Info.plist */,
				F8B439071D7FBDF8008B5518 /* StarTest.swift */,
			);
			path = StarDeProjectTests;
			sourceTree = "<group>";
		};
		F88106451D596E31008A0EA3 /* StarDeProjectUITests */ = {
			isa = PBXGroup;
			children = (
				F88106461D596E31008A0EA3 /* StarDeProjectUITests.swift */,
				F88106481D596E31008A0EA3 /* Info.plist */,
			);
			path = StarDeProjectUITests;
			sourceTree = "<group>";
		};
		F88106541D59B5DB008A0EA3 /* HelpTools */ = {
			isa = PBXGroup;
			children = (
				F8B42F431D76CF7500FB9415 /* CalculateTool */,
				81B5D5061D68DA49006D5834 /* StringHandle */,
				F87B8B331D5C14BF00F5A8E7 /* Macro */,
				F87B8B301D5C11E900F5A8E7 /* Controller */,
			);
			path = HelpTools;
			sourceTree = "<group>";
		};
		F88106551D59B5DB008A0EA3 /* Resource */ = {
			isa = PBXGroup;
			children = (
				81E88C741D70A0420022A71C /* icon.png */,
				F88106231D596E31008A0EA3 /* AppDelegate.swift */,
				F87B8B371D5C454000F5A8E7 /* HomeTabbarController.swift */,
				F88106271D596E31008A0EA3 /* Main.storyboard */,
				F881062D1D596E31008A0EA3 /* Assets.xcassets */,
				F881062F1D596E31008A0EA3 /* LaunchScreen.storyboard */,
				F88106321D596E31008A0EA3 /* Info.plist */,
				F881062A1D596E31008A0EA3 /* StarDeProject.xcdatamodeld */,
			);
			path = Resource;
			sourceTree = "<group>";
		};
		F88106561D59B5DB008A0EA3 /* ThirdPartys */ = {
			isa = PBXGroup;
			children = (
				F8B42F3F1D76CB9800FB9415 /* STMathKit.framework */,
			);
			path = ThirdPartys;
			sourceTree = "<group>";
		};
		F88106571D59B5DB008A0EA3 /* ViewControllers */ = {
			isa = PBXGroup;
			children = (
				F8D7930A1D6AD780006D2209 /* Extension */,
				F87B8B391D5C459500F5A8E7 /* MathVC */,
				F88106581D59B6E5008A0EA3 /* HomeVC */,
			);
			path = ViewControllers;
			sourceTree = "<group>";
		};
		F88106581D59B6E5008A0EA3 /* HomeVC */ = {
			isa = PBXGroup;
			children = (
				F88106591D59B79D008A0EA3 /* HomeViewController.swift */,
				F8ADC10C1D6D7056003B5D42 /* WebController.swift */,
			);
			path = HomeVC;
			sourceTree = "<group>";
		};
		F8B42F431D76CF7500FB9415 /* CalculateTool */ = {
			isa = PBXGroup;
			children = (
				F8B42F441D76CF9300FB9415 /* CalculateTool.swift */,
				81DAB29C1D770F1900A10E8C /* CalculateResult.swift */,
			);
			path = CalculateTool;
			sourceTree = "<group>";
		};
		F8D7930A1D6AD780006D2209 /* Extension */ = {
			isa = PBXGroup;
			children = (
				F8D7930D1D6AD80E006D2209 /* ExtensionController.swift */,
			);
			path = Extension;
			sourceTree = "<group>";
		};
/* End PBXGroup section */

/* Begin PBXNativeTarget section */
		F881061F1D596E31008A0EA3 /* StarDeProject */ = {
			isa = PBXNativeTarget;
			buildConfigurationList = F881064B1D596E31008A0EA3 /* Build configuration list for PBXNativeTarget "StarDeProject" */;
			buildPhases = (
				3B38D19800B8F87D8CF23767 /* Check Pods Manifest.lock */,
				F881061C1D596E31008A0EA3 /* Sources */,
				F881061D1D596E31008A0EA3 /* Frameworks */,
				F881061E1D596E31008A0EA3 /* Resources */,
				6B963E5F334524459D5FDF46 /* Embed Pods Frameworks */,
				2BE73A18D7C44D7AB27BE22F /* Copy Pods Resources */,
				F8CCB22A1D6F496D00B7D7D3 /* Embed Frameworks */,
			);
			buildRules = (
			);
			dependencies = (
			);
			name = StarDeProject;
			productName = StarDeProject;
			productReference = F88106201D596E31008A0EA3 /* 水田夏木.app */;
			productType = "com.apple.product-type.application";
		};
		F88106361D596E31008A0EA3 /* StarDeProjectTests */ = {
			isa = PBXNativeTarget;
			buildConfigurationList = F881064E1D596E31008A0EA3 /* Build configuration list for PBXNativeTarget "StarDeProjectTests" */;
			buildPhases = (
				F88106331D596E31008A0EA3 /* Sources */,
				F88106341D596E31008A0EA3 /* Frameworks */,
				F88106351D596E31008A0EA3 /* Resources */,
			);
			buildRules = (
			);
			dependencies = (
				F88106391D596E31008A0EA3 /* PBXTargetDependency */,
			);
			name = StarDeProjectTests;
			productName = StarDeProjectTests;
			productReference = F88106371D596E31008A0EA3 /* StarDeProjectTests.xctest */;
			productType = "com.apple.product-type.bundle.unit-test";
		};
		F88106411D596E31008A0EA3 /* StarDeProjectUITests */ = {
			isa = PBXNativeTarget;
			buildConfigurationList = F88106511D596E31008A0EA3 /* Build configuration list for PBXNativeTarget "StarDeProjectUITests" */;
			buildPhases = (
				F881063E1D596E31008A0EA3 /* Sources */,
				F881063F1D596E31008A0EA3 /* Frameworks */,
				F88106401D596E31008A0EA3 /* Resources */,
			);
			buildRules = (
			);
			dependencies = (
				F88106441D596E31008A0EA3 /* PBXTargetDependency */,
			);
			name = StarDeProjectUITests;
			productName = StarDeProjectUITests;
			productReference = F88106421D596E31008A0EA3 /* StarDeProjectUITests.xctest */;
			productType = "com.apple.product-type.bundle.ui-testing";
		};
/* End PBXNativeTarget section */

/* Begin PBXProject section */
		F88106181D596E31008A0EA3 /* Project object */ = {
			isa = PBXProject;
			attributes = {
				LastSwiftUpdateCheck = 0730;
				LastUpgradeCheck = 0730;
				ORGANIZATIONNAME = star;
				TargetAttributes = {
					F881061F1D596E31008A0EA3 = {
						CreatedOnToolsVersion = 7.3.1;
						DevelopmentTeam = 4F9PHZ9AF2;
					};
					F88106361D596E31008A0EA3 = {
						CreatedOnToolsVersion = 7.3.1;
						TestTargetID = F881061F1D596E31008A0EA3;
					};
					F88106411D596E31008A0EA3 = {
						CreatedOnToolsVersion = 7.3.1;
						TestTargetID = F881061F1D596E31008A0EA3;
					};
				};
			};
			buildConfigurationList = F881061B1D596E31008A0EA3 /* Build configuration list for PBXProject "StarDeProject" */;
			compatibilityVersion = "Xcode 3.2";
			developmentRegion = English;
			hasScannedForEncodings = 0;
			knownRegions = (
				en,
				Base,
			);
			mainGroup = F88106171D596E31008A0EA3;
			productRefGroup = F88106211D596E31008A0EA3 /* Products */;
			projectDirPath = "";
			projectRoot = "";
			targets = (
				F881061F1D596E31008A0EA3 /* StarDeProject */,
				F88106361D596E31008A0EA3 /* StarDeProjectTests */,
				F88106411D596E31008A0EA3 /* StarDeProjectUITests */,
			);
		};
/* End PBXProject section */

/* Begin PBXResourcesBuildPhase section */
		F881061E1D596E31008A0EA3 /* Resources */ = {
			isa = PBXResourcesBuildPhase;
			buildActionMask = 2147483647;
			files = (
				F88106311D596E31008A0EA3 /* LaunchScreen.storyboard in Resources */,
				81E88C751D70A0420022A71C /* icon.png in Resources */,
				F881062E1D596E31008A0EA3 /* Assets.xcassets in Resources */,
				81E88C731D709FBC0022A71C /* CalculatorViewController.xib in Resources */,
				F88106291D596E31008A0EA3 /* Main.storyboard in Resources */,
			);
			runOnlyForDeploymentPostprocessing = 0;
		};
		F88106351D596E31008A0EA3 /* Resources */ = {
			isa = PBXResourcesBuildPhase;
			buildActionMask = 2147483647;
			files = (
			);
			runOnlyForDeploymentPostprocessing = 0;
		};
		F88106401D596E31008A0EA3 /* Resources */ = {
			isa = PBXResourcesBuildPhase;
			buildActionMask = 2147483647;
			files = (
			);
			runOnlyForDeploymentPostprocessing = 0;
		};
/* End PBXResourcesBuildPhase section */

/* Begin PBXShellScriptBuildPhase section */
		2BE73A18D7C44D7AB27BE22F /* Copy Pods Resources */ = {
			isa = PBXShellScriptBuildPhase;
			buildActionMask = 2147483647;
			files = (
			);
			inputPaths = (
			);
			name = "Copy Pods Resources";
			outputPaths = (
			);
			runOnlyForDeploymentPostprocessing = 0;
			shellPath = /bin/sh;
			shellScript = "\"${SRCROOT}/Pods/Target Support Files/Pods/Pods-resources.sh\"\n";
			showEnvVarsInLog = 0;
		};
		3B38D19800B8F87D8CF23767 /* Check Pods Manifest.lock */ = {
			isa = PBXShellScriptBuildPhase;
			buildActionMask = 2147483647;
			files = (
			);
			inputPaths = (
			);
			name = "Check Pods Manifest.lock";
			outputPaths = (
			);
			runOnlyForDeploymentPostprocessing = 0;
			shellPath = /bin/sh;
			shellScript = "diff \"${PODS_ROOT}/../Podfile.lock\" \"${PODS_ROOT}/Manifest.lock\" > /dev/null\nif [[ $? != 0 ]] ; then\n    cat << EOM\nerror: The sandbox is not in sync with the Podfile.lock. Run 'pod install' or update your CocoaPods installation.\nEOM\n    exit 1\nfi\n";
			showEnvVarsInLog = 0;
		};
		6B963E5F334524459D5FDF46 /* Embed Pods Frameworks */ = {
			isa = PBXShellScriptBuildPhase;
			buildActionMask = 2147483647;
			files = (
			);
			inputPaths = (
			);
			name = "Embed Pods Frameworks";
			outputPaths = (
			);
			runOnlyForDeploymentPostprocessing = 0;
			shellPath = /bin/sh;
			shellScript = "\"${SRCROOT}/Pods/Target Support Files/Pods/Pods-frameworks.sh\"\n";
			showEnvVarsInLog = 0;
		};
/* End PBXShellScriptBuildPhase section */

/* Begin PBXSourcesBuildPhase section */
		F881061C1D596E31008A0EA3 /* Sources */ = {
			isa = PBXSourcesBuildPhase;
			buildActionMask = 2147483647;
			files = (
				81E88C721D709FBC0022A71C /* CalculatorViewController.m in Sources */,
				81B5D5081D68DA61006D5834 /* StringHandle.swift in Sources */,
				F8D7930E1D6AD80E006D2209 /* ExtensionController.swift in Sources */,
				81E67E2E1D749C3E0003D065 /* STCalculateController.swift in Sources */,
				F88106241D596E31008A0EA3 /* AppDelegate.swift in Sources */,
				F87B8B321D5C124D00F5A8E7 /* STNavigationController.swift in Sources */,
				F87B8B351D5C223B00F5A8E7 /* STMacro.swift in Sources */,
				81DAB29D1D770F1900A10E8C /* CalculateResult.swift in Sources */,
				F87B8B381D5C454000F5A8E7 /* HomeTabbarController.swift in Sources */,
				F8ADC10D1D6D7056003B5D42 /* WebController.swift in Sources */,
				F87B8B3B1D5C45EA00F5A8E7 /* MathController.swift in Sources */,
				F881062C1D596E31008A0EA3 /* StarDeProject.xcdatamodeld in Sources */,
				F881065A1D59B79D008A0EA3 /* HomeViewController.swift in Sources */,
				F862C8AB1D751B060032D2B9 /* CalculateLayout.swift in Sources */,
				81E67E301D749C8C0003D065 /* MyCalculateView.swift in Sources */,
				81E88C6D1D709C350022A71C /* LinearFitController.swift in Sources */,
				F8B42F451D76CF9300FB9415 /* CalculateTool.swift in Sources */,
				810E9D251D66106B0064E6A7 /* STBaseController.swift in Sources */,
			);
			runOnlyForDeploymentPostprocessing = 0;
		};
		F88106331D596E31008A0EA3 /* Sources */ = {
			isa = PBXSourcesBuildPhase;
			buildActionMask = 2147483647;
			files = (
				F8B4390A1D7FBF8D008B5518 /* StarDeProjectTests.swift in Sources */,
				F8B439081D7FBDF8008B5518 /* StarTest.swift in Sources */,
			);
			runOnlyForDeploymentPostprocessing = 0;
		};
		F881063E1D596E31008A0EA3 /* Sources */ = {
			isa = PBXSourcesBuildPhase;
			buildActionMask = 2147483647;
			files = (
				F88106471D596E31008A0EA3 /* StarDeProjectUITests.swift in Sources */,
			);
			runOnlyForDeploymentPostprocessing = 0;
		};
/* End PBXSourcesBuildPhase section */

/* Begin PBXTargetDependency section */
		F88106391D596E31008A0EA3 /* PBXTargetDependency */ = {
			isa = PBXTargetDependency;
			target = F881061F1D596E31008A0EA3 /* StarDeProject */;
			targetProxy = F88106381D596E31008A0EA3 /* PBXContainerItemProxy */;
		};
		F88106441D596E31008A0EA3 /* PBXTargetDependency */ = {
			isa = PBXTargetDependency;
			target = F881061F1D596E31008A0EA3 /* StarDeProject */;
			targetProxy = F88106431D596E31008A0EA3 /* PBXContainerItemProxy */;
		};
/* End PBXTargetDependency section */

/* Begin PBXVariantGroup section */
		F88106271D596E31008A0EA3 /* Main.storyboard */ = {
			isa = PBXVariantGroup;
			children = (
				F88106281D596E31008A0EA3 /* Base */,
			);
			name = Main.storyboard;
			path = ..;
			sourceTree = "<group>";
		};
		F881062F1D596E31008A0EA3 /* LaunchScreen.storyboard */ = {
			isa = PBXVariantGroup;
			children = (
				F88106301D596E31008A0EA3 /* Base */,
			);
			name = LaunchScreen.storyboard;
			path = ..;
			sourceTree = "<group>";
		};
/* End PBXVariantGroup section */

/* Begin XCBuildConfiguration section */
		F88106491D596E31008A0EA3 /* Debug */ = {
			isa = XCBuildConfiguration;
			buildSettings = {
				ALWAYS_SEARCH_USER_PATHS = NO;
				CLANG_ANALYZER_NONNULL = YES;
				CLANG_CXX_LANGUAGE_STANDARD = "gnu++0x";
				CLANG_CXX_LIBRARY = "libc++";
				CLANG_ENABLE_MODULES = YES;
				CLANG_ENABLE_OBJC_ARC = YES;
				CLANG_WARN_BOOL_CONVERSION = YES;
				CLANG_WARN_CONSTANT_CONVERSION = YES;
				CLANG_WARN_DIRECT_OBJC_ISA_USAGE = YES_ERROR;
				CLANG_WARN_EMPTY_BODY = YES;
				CLANG_WARN_ENUM_CONVERSION = YES;
				CLANG_WARN_INT_CONVERSION = YES;
				CLANG_WARN_OBJC_ROOT_CLASS = YES_ERROR;
				CLANG_WARN_UNREACHABLE_CODE = YES;
				CLANG_WARN__DUPLICATE_METHOD_MATCH = YES;
				"CODE_SIGN_IDENTITY[sdk=iphoneos*]" = "iPhone Developer";
				COPY_PHASE_STRIP = NO;
				DEBUG_INFORMATION_FORMAT = dwarf;
				ENABLE_STRICT_OBJC_MSGSEND = YES;
				ENABLE_TESTABILITY = YES;
				GCC_C_LANGUAGE_STANDARD = gnu99;
				GCC_DYNAMIC_NO_PIC = NO;
				GCC_NO_COMMON_BLOCKS = YES;
				GCC_OPTIMIZATION_LEVEL = 0;
				GCC_PREPROCESSOR_DEFINITIONS = (
					"DEBUG=1",
					"$(inherited)",
				);
				GCC_WARN_64_TO_32_BIT_CONVERSION = YES;
				GCC_WARN_ABOUT_RETURN_TYPE = YES_ERROR;
				GCC_WARN_UNDECLARED_SELECTOR = YES;
				GCC_WARN_UNINITIALIZED_AUTOS = YES_AGGRESSIVE;
				GCC_WARN_UNUSED_FUNCTION = YES;
				GCC_WARN_UNUSED_VARIABLE = YES;
				IPHONEOS_DEPLOYMENT_TARGET = 8.0;
				MTL_ENABLE_DEBUG_INFO = YES;
				ONLY_ACTIVE_ARCH = YES;
				SDKROOT = iphoneos;
				SWIFT_OPTIMIZATION_LEVEL = "-Onone";
				TARGETED_DEVICE_FAMILY = "1,2";
			};
			name = Debug;
		};
		F881064A1D596E31008A0EA3 /* Release */ = {
			isa = XCBuildConfiguration;
			buildSettings = {
				ALWAYS_SEARCH_USER_PATHS = NO;
				CLANG_ANALYZER_NONNULL = YES;
				CLANG_CXX_LANGUAGE_STANDARD = "gnu++0x";
				CLANG_CXX_LIBRARY = "libc++";
				CLANG_ENABLE_MODULES = YES;
				CLANG_ENABLE_OBJC_ARC = YES;
				CLANG_WARN_BOOL_CONVERSION = YES;
				CLANG_WARN_CONSTANT_CONVERSION = YES;
				CLANG_WARN_DIRECT_OBJC_ISA_USAGE = YES_ERROR;
				CLANG_WARN_EMPTY_BODY = YES;
				CLANG_WARN_ENUM_CONVERSION = YES;
				CLANG_WARN_INT_CONVERSION = YES;
				CLANG_WARN_OBJC_ROOT_CLASS = YES_ERROR;
				CLANG_WARN_UNREACHABLE_CODE = YES;
				CLANG_WARN__DUPLICATE_METHOD_MATCH = YES;
				"CODE_SIGN_IDENTITY[sdk=iphoneos*]" = "iPhone Developer";
				COPY_PHASE_STRIP = NO;
				DEBUG_INFORMATION_FORMAT = "dwarf-with-dsym";
				ENABLE_NS_ASSERTIONS = NO;
				ENABLE_STRICT_OBJC_MSGSEND = YES;
				GCC_C_LANGUAGE_STANDARD = gnu99;
				GCC_NO_COMMON_BLOCKS = YES;
				GCC_WARN_64_TO_32_BIT_CONVERSION = YES;
				GCC_WARN_ABOUT_RETURN_TYPE = YES_ERROR;
				GCC_WARN_UNDECLARED_SELECTOR = YES;
				GCC_WARN_UNINITIALIZED_AUTOS = YES_AGGRESSIVE;
				GCC_WARN_UNUSED_FUNCTION = YES;
				GCC_WARN_UNUSED_VARIABLE = YES;
				IPHONEOS_DEPLOYMENT_TARGET = 8.0;
				MTL_ENABLE_DEBUG_INFO = NO;
				SDKROOT = iphoneos;
				TARGETED_DEVICE_FAMILY = "1,2";
				VALIDATE_PRODUCT = YES;
			};
			name = Release;
		};
		F881064C1D596E31008A0EA3 /* Debug */ = {
			isa = XCBuildConfiguration;
			baseConfigurationReference = 31358786458889026D365BF1 /* Pods.debug.xcconfig */;
			buildSettings = {
				ARCHS = "$(ARCHS_STANDARD)";
				ASSETCATALOG_COMPILER_APPICON_NAME = AppIcon;
				CLANG_ENABLE_MODULES = YES;
				CODE_SIGN_IDENTITY = "iPhone Developer";
				"CODE_SIGN_IDENTITY[sdk=iphoneos*]" = "iPhone Developer";
				FRAMEWORK_SEARCH_PATHS = (
					"$(inherited)",
					"$(PROJECT_DIR)/StarDeProject/ThirdPartys",
				);
				INFOPLIST_FILE = StarDeProject/Info.plist;
				IPHONEOS_DEPLOYMENT_TARGET = 8.0;
				LD_RUNPATH_SEARCH_PATHS = "$(inherited) @executable_path/Frameworks";
				PRODUCT_BUNDLE_IDENTIFIER = chainatelecom.yueme.StarDeProject;
				PRODUCT_NAME = "水田夏木";
				PROVISIONING_PROFILE = "";
				SWIFT_OBJC_BRIDGING_HEADER = "StarDeProject/ViewControllers/MathVC/Calculator/StarDeProject-Bridging-Header.h";
				SWIFT_OPTIMIZATION_LEVEL = "-Onone";
				TARGETED_DEVICE_FAMILY = 1;
			};
			name = Debug;
		};
		F881064D1D596E31008A0EA3 /* Release */ = {
			isa = XCBuildConfiguration;
			baseConfigurationReference = 98FF82BBACFD6E770CF90419 /* Pods.release.xcconfig */;
			buildSettings = {
				ARCHS = "$(ARCHS_STANDARD)";
				ASSETCATALOG_COMPILER_APPICON_NAME = AppIcon;
				CLANG_ENABLE_MODULES = YES;
				CODE_SIGN_IDENTITY = "iPhone Developer";
				"CODE_SIGN_IDENTITY[sdk=iphoneos*]" = "iPhone Developer";
				FRAMEWORK_SEARCH_PATHS = (
					"$(inherited)",
					"$(PROJECT_DIR)/StarDeProject/ThirdPartys",
				);
				INFOPLIST_FILE = StarDeProject/Info.plist;
				IPHONEOS_DEPLOYMENT_TARGET = 8.0;
				LD_RUNPATH_SEARCH_PATHS = "$(inherited) @executable_path/Frameworks";
				PRODUCT_BUNDLE_IDENTIFIER = chainatelecom.yueme.StarDeProject;
				PRODUCT_NAME = "水田夏木";
				PROVISIONING_PROFILE = "";
				SWIFT_OBJC_BRIDGING_HEADER = "StarDeProject/ViewControllers/MathVC/Calculator/StarDeProject-Bridging-Header.h";
				TARGETED_DEVICE_FAMILY = 1;
			};
			name = Release;
		};
		F881064F1D596E31008A0EA3 /* Debug */ = {
			isa = XCBuildConfiguration;
			buildSettings = {
				BUNDLE_LOADER = "$(TEST_HOST)";
				EMBEDDED_CONTENT_CONTAINS_SWIFT = YES;
				ENABLE_TESTABILITY = YES;
				INFOPLIST_FILE = StarDeProjectTests/Info.plist;
				LD_RUNPATH_SEARCH_PATHS = "$(inherited) @executable_path/Frameworks @loader_path/Frameworks";
				PRODUCT_BUNDLE_IDENTIFIER = DX.StarDeProjectTests;
				PRODUCT_NAME = "$(TARGET_NAME)";
				SWIFT_INCLUDE_PATHS = "";
				SWIFT_OBJC_BRIDGING_HEADER = "StarDeProject/ViewControllers/MathVC/Calculator/StarDeProject-Bridging-Header.h";
				TEST_HOST = "$(BUILT_PRODUCTS_DIR)/StarDeProject.app/StarDeProject";
			};
			name = Debug;
		};
		F88106501D596E31008A0EA3 /* Release */ = {
			isa = XCBuildConfiguration;
			buildSettings = {
				BUNDLE_LOADER = "$(TEST_HOST)";
				EMBEDDED_CONTENT_CONTAINS_SWIFT = YES;
				ENABLE_TESTABILITY = YES;
				INFOPLIST_FILE = StarDeProjectTests/Info.plist;
				LD_RUNPATH_SEARCH_PATHS = "$(inherited) @executable_path/Frameworks @loader_path/Frameworks";
				PRODUCT_BUNDLE_IDENTIFIER = DX.StarDeProjectTests;
				PRODUCT_NAME = "$(TARGET_NAME)";
				SWIFT_INCLUDE_PATHS = "";
				SWIFT_OBJC_BRIDGING_HEADER = "StarDeProject/ViewControllers/MathVC/Calculator/StarDeProject-Bridging-Header.h";
				TEST_HOST = "$(BUILT_PRODUCTS_DIR)/StarDeProject.app/StarDeProject";
			};
			name = Release;
		};
		F88106521D596E31008A0EA3 /* Debug */ = {
			isa = XCBuildConfiguration;
			buildSettings = {
				INFOPLIST_FILE = StarDeProjectUITests/Info.plist;
				LD_RUNPATH_SEARCH_PATHS = "$(inherited) @executable_path/Frameworks @loader_path/Frameworks";
				PRODUCT_BUNDLE_IDENTIFIER = DX.StarDeProjectUITests;
				PRODUCT_NAME = "$(TARGET_NAME)";
				TEST_TARGET_NAME = StarDeProject;
			};
			name = Debug;
		};
		F88106531D596E31008A0EA3 /* Release */ = {
			isa = XCBuildConfiguration;
			buildSettings = {
				INFOPLIST_FILE = StarDeProjectUITests/Info.plist;
				LD_RUNPATH_SEARCH_PATHS = "$(inherited) @executable_path/Frameworks @loader_path/Frameworks";
				PRODUCT_BUNDLE_IDENTIFIER = DX.StarDeProjectUITests;
				PRODUCT_NAME = "$(TARGET_NAME)";
				TEST_TARGET_NAME = StarDeProject;
			};
			name = Release;
		};
/* End XCBuildConfiguration section */

/* Begin XCConfigurationList section */
		F881061B1D596E31008A0EA3 /* Build configuration list for PBXProject "StarDeProject" */ = {
			isa = XCConfigurationList;
			buildConfigurations = (
				F88106491D596E31008A0EA3 /* Debug */,
				F881064A1D596E31008A0EA3 /* Release */,
			);
			defaultConfigurationIsVisible = 0;
			defaultConfigurationName = Release;
		};
		F881064B1D596E31008A0EA3 /* Build configuration list for PBXNativeTarget "StarDeProject" */ = {
			isa = XCConfigurationList;
			buildConfigurations = (
				F881064C1D596E31008A0EA3 /* Debug */,
				F881064D1D596E31008A0EA3 /* Release */,
			);
			defaultConfigurationIsVisible = 0;
			defaultConfigurationName = Release;
		};
		F881064E1D596E31008A0EA3 /* Build configuration list for PBXNativeTarget "StarDeProjectTests" */ = {
			isa = XCConfigurationList;
			buildConfigurations = (
				F881064F1D596E31008A0EA3 /* Debug */,
				F88106501D596E31008A0EA3 /* Release */,
			);
			defaultConfigurationIsVisible = 0;
			defaultConfigurationName = Release;
		};
		F88106511D596E31008A0EA3 /* Build configuration list for PBXNativeTarget "StarDeProjectUITests" */ = {
			isa = XCConfigurationList;
			buildConfigurations = (
				F88106521D596E31008A0EA3 /* Debug */,
				F88106531D596E31008A0EA3 /* Release */,
			);
			defaultConfigurationIsVisible = 0;
			defaultConfigurationName = Release;
		};
/* End XCConfigurationList section */

/* Begin XCVersionGroup section */
		F881062A1D596E31008A0EA3 /* StarDeProject.xcdatamodeld */ = {
			isa = XCVersionGroup;
			children = (
				F881062B1D596E31008A0EA3 /* StarDeProject.xcdatamodel */,
			);
			currentVersion = F881062B1D596E31008A0EA3 /* StarDeProject.xcdatamodel */;
			name = StarDeProject.xcdatamodeld;
			path = ../StarDeProject.xcdatamodeld;
			sourceTree = "<group>";
			versionGroupType = wrapper.xcdatamodel;
		};
/* End XCVersionGroup section */
	};
	rootObject = F88106181D596E31008A0EA3 /* Project object */;
}
